
Microsoft Visual Studio Solution File, Format Version 11.00
# Visual Studio 2010
Project("{FAE04EC0-301F-11D3-BF4B-00C04F79EFBC}") = "CircomDemo", "CircomDemo\CircomDemo.csproj", "{6869BF16-489C-45CD-9C19-E05F3CDC582C}"
EndProject
Project("{FAE04EC0-301F-11D3-BF4B-00C04F79EFBC}") = "CasparRx", "..\..\..\tools\csharp\CasparRx\trunk\CasparRx\CasparRx.csproj", "{2B1B245D-0689-4A67-8690-AF0D139C3FCD}"
EndProject
Global
	GlobalSection(SolutionConfigurationPlatforms) = preSolution
		Debug|Any CPU = Debug|Any CPU
		Debug|Mixed Platforms = Debug|Mixed Platforms
		Debug|x86 = Debug|x86
		Release|Any CPU = Release|Any CPU
		Release|Mixed Platforms = Release|Mixed Platforms
		Release|x86 = Release|x86
	EndGlobalSection
	GlobalSection(ProjectConfigurationPlatforms) = postSolution
		{6869BF16-489C-45CD-9C19-E05F3CDC582C}.Debug|Any CPU.ActiveCfg = Debug|x86
		{6869BF16-489C-45CD-9C19-E05F3CDC582C}.Debug|Mixed Platforms.ActiveCfg = Debug|x86
		{6869BF16-489C-45CD-9C19-E05F3CDC582C}.Debug|Mixed Platforms.Build.0 = Debug|x86
		{6869BF16-489C-45CD-9C19-E05F3CDC582C}.Debug|x86.ActiveCfg = Debug|x86
		{6869BF16-489C-45CD-9C19-E05F3CDC582C}.Debug|x86.Build.0 = Debug|x86
		{6869BF16-489C-45CD-9C19-E05F3CDC582C}.Release|Any CPU.ActiveCfg = Release|x86
		{6869BF16-489C-45CD-9C19-E05F3CDC582C}.Release|Mixed Platforms.ActiveCfg = Release|x86
		{6869BF16-489C-45CD-9C19-E05F3CDC582C}.Release|Mixed Platforms.Build.0 = Release|x86
		{6869BF16-489C-45CD-9C19-E05F3CDC582C}.Release|x86.ActiveCfg = Release|x86
		{6869BF16-489C-45CD-9C19-E05F3CDC582C}.Release|x86.Build.0 = Release|x86
		{2B1B245D-0689-4A67-8690-AF0D139C3FCD}.Debug|Any CPU.ActiveCfg = Debug|Any CPU
		{2B1B245D-0689-4A67-8690-AF0D139C3FCD}.Debug|Any CPU.Build.0 = Debug|Any CPU
		{2B1B245D-0689-4A67-8690-AF0D139C3FCD}.Debug|Mixed Platforms.ActiveCfg = Debug|x86
		{2B1B245D-0689-4A67-8690-AF0D139C3FCD}.Debug|Mixed Platforms.Build.0 = Debug|x86
		{2B1B245D-0689-4A67-8690-AF0D139C3FCD}.Debug|x86.ActiveCfg = Debug|x86
		{2B1B245D-0689-4A67-8690-AF0D139C3FCD}.Debug|x86.Build.0 = Debug|x86
		{2B1B245D-0689-4A67-8690-AF0D139C3FCD}.Release|Any CPU.ActiveCfg = Release|Any CPU
		{2B1B245D-0689-4A67-8690-AF0D139C3FCD}.Release|Any CPU.Build.0 = Release|Any CPU
		{2B1B245D-0689-4A67-8690-AF0D139C3FCD}.Release|Mixed Platforms.ActiveCfg = Release|x86
		{2B1B245D-0689-4A67-8690-AF0D139C3FCD}.Release|Mixed Platforms.Build.0 = Release|x86
		{2B1B245D-0689-4A67-8690-AF0D139C3FCD}.Release|x86.ActiveCfg = Release|x86
		{2B1B245D-0689-4A67-8690-AF0D139C3FCD}.Release|x86.Build.0 = Release|x86
	EndGlobalSection
	GlobalSection(SolutionProperties) = preSolution
		HideSolutionNode = FALSE
	EndGlobalSection
EndGlobal
